
Microsoft Visual Studio Solution File, Format Version 12.00
# Visual Studio 2013
VisualStudioVersion = 12.0.30723.0
MinimumVisualStudioVersion = 10.0.40219.1
Project("{FAE04EC0-301F-11D3-BF4B-00C04F79EFBC}") = "AlienCurrencies", "AlienCurrencies\AlienCurrencies.csproj", "{39C625E0-4CE9-49F5-BDD9-EA26753CCC09}"
EndProject
Project("{FAE04EC0-301F-11D3-BF4B-00C04F79EFBC}") = "AlienCurrenciesSolver", "AlienCurrenciesSolver\AlienCurrenciesSolver.csproj", "{95BC0EBE-1AC3-4193-9F04-C283333CF83D}"
EndProject
Project("{FAE04EC0-301F-11D3-BF4B-00C04F79EFBC}") = "AlienCurrenciesSolverTests", "AlienCurrenciesSolverTests\AlienCurrenciesSolverTests.csproj", "{299A504C-9C9F-4C53-8DCE-3BE92C9C9B4F}"
EndProject
Global
	GlobalSection(SolutionConfigurationPlatforms) = preSolution
		Debug|Any CPU = Debug|Any CPU
		Release|Any CPU = Release|Any CPU
	EndGlobalSection
	GlobalSection(ProjectConfigurationPlatforms) = postSolution
		{39C625E0-4CE9-49F5-BDD9-EA26753CCC09}.Debug|Any CPU.ActiveCfg = Debug|Any CPU
		{39C625E0-4CE9-49F5-BDD9-EA26753CCC09}.Debug|Any CPU.Build.0 = Debug|Any CPU
		{39C625E0-4CE9-49F5-BDD9-EA26753CCC09}.Release|Any CPU.ActiveCfg = Release|Any CPU
		{39C625E0-4CE9-49F5-BDD9-EA26753CCC09}.Release|Any CPU.Build.0 = Release|Any CPU
		{95BC0EBE-1AC3-4193-9F04-C283333CF83D}.Debug|Any CPU.ActiveCfg = Debug|Any CPU
		{95BC0EBE-1AC3-4193-9F04-C283333CF83D}.Debug|Any CPU.Build.0 = Debug|Any CPU
		{95BC0EBE-1AC3-4193-9F04-C283333CF83D}.Release|Any CPU.ActiveCfg = Release|Any CPU
		{95BC0EBE-1AC3-4193-9F04-C283333CF83D}.Release|Any CPU.Build.0 = Release|Any CPU
		{299A504C-9C9F-4C53-8DCE-3BE92C9C9B4F}.Debug|Any CPU.ActiveCfg = Debug|Any CPU
		{299A504C-9C9F-4C53-8DCE-3BE92C9C9B4F}.Debug|Any CPU.Build.0 = Debug|Any CPU
		{299A504C-9C9F-4C53-8DCE-3BE92C9C9B4F}.Release|Any CPU.ActiveCfg = Release|Any CPU
		{299A504C-9C9F-4C53-8DCE-3BE92C9C9B4F}.Release|Any CPU.Build.0 = Release|Any CPU
	EndGlobalSection
	GlobalSection(SolutionProperties) = preSolution
		HideSolutionNode = FALSE
	EndGlobalSection
EndGlobal
